
Microsoft Visual Studio Solution File, Format Version 12.00
# Visual Studio Version 17
VisualStudioVersion = 17.4.33213.308
MinimumVisualStudioVersion = 10.0.40219.1
Project("{FAE04EC0-301F-11D3-BF4B-00C04F79EFBC}") = "Tazkartak", "Tazkartak\Tazkartak.csproj", "{2AEDEF3A-2DCD-4631-8735-C1A1C47859C7}"
EndProject
Global
	GlobalSection(SolutionConfigurationPlatforms) = preSolution
		Debug|Any CPU = Debug|Any CPU
		Release|Any CPU = Release|Any CPU
	EndGlobalSection
	GlobalSection(ProjectConfigurationPlatforms) = postSolution
		{2AEDEF3A-2DCD-4631-8735-C1A1C47859C7}.Debug|Any CPU.ActiveCfg = Debug|Any CPU
		{2AEDEF3A-2DCD-4631-8735-C1A1C47859C7}.Debug|Any CPU.Build.0 = Debug|Any CPU
		{2AEDEF3A-2DCD-4631-8735-C1A1C47859C7}.Release|Any CPU.ActiveCfg = Release|Any CPU
		{2AEDEF3A-2DCD-4631-8735-C1A1C47859C7}.Release|Any CPU.Build.0 = Release|Any CPU
	EndGlobalSection
	GlobalSection(SolutionProperties) = preSolution
		HideSolutionNode = FALSE
	EndGlobalSection
	GlobalSection(ExtensibilityGlobals) = postSolution
		SolutionGuid = {1D8561AC-7AB3-4D6A-9E58-7E191ABC37B0}
	EndGlobalSection
EndGlobal
